
Microsoft Visual Studio Solution File, Format Version 12.00
# Visual Studio Version 17
VisualStudioVersion = 17.5.33516.290
MinimumVisualStudioVersion = 10.0.40219.1
Project("{54A90642-561A-4BB1-A94E-469ADEE60C69}") = "vueapp", "vueapp\vueapp.esproj", "{4A0995CC-1B65-44B5-8891-6DCD1E5195DD}"
EndProject
Project("{9A19103F-16F7-4668-BE54-9A1E7A4F7556}") = "webapi", "webapi\webapi.csproj", "{47CB8F60-1AEA-413F-B2DB-EA660DE06882}"
EndProject
Global
	GlobalSection(SolutionConfigurationPlatforms) = preSolution
		Debug|Any CPU = Debug|Any CPU
		Release|Any CPU = Release|Any CPU
	EndGlobalSection
	GlobalSection(ProjectConfigurationPlatforms) = postSolution
		{4A0995CC-1B65-44B5-8891-6DCD1E5195DD}.Debug|Any CPU.ActiveCfg = Debug|Any CPU
		{4A0995CC-1B65-44B5-8891-6DCD1E5195DD}.Debug|Any CPU.Build.0 = Debug|Any CPU
		{4A0995CC-1B65-44B5-8891-6DCD1E5195DD}.Debug|Any CPU.Deploy.0 = Debug|Any CPU
		{4A0995CC-1B65-44B5-8891-6DCD1E5195DD}.Release|Any CPU.ActiveCfg = Release|Any CPU
		{4A0995CC-1B65-44B5-8891-6DCD1E5195DD}.Release|Any CPU.Build.0 = Release|Any CPU
		{4A0995CC-1B65-44B5-8891-6DCD1E5195DD}.Release|Any CPU.Deploy.0 = Release|Any CPU
		{47CB8F60-1AEA-413F-B2DB-EA660DE06882}.Debug|Any CPU.ActiveCfg = Debug|Any CPU
		{47CB8F60-1AEA-413F-B2DB-EA660DE06882}.Debug|Any CPU.Build.0 = Debug|Any CPU
		{47CB8F60-1AEA-413F-B2DB-EA660DE06882}.Release|Any CPU.ActiveCfg = Release|Any CPU
		{47CB8F60-1AEA-413F-B2DB-EA660DE06882}.Release|Any CPU.Build.0 = Release|Any CPU
	EndGlobalSection
	GlobalSection(SolutionProperties) = preSolution
		HideSolutionNode = FALSE
	EndGlobalSection
	GlobalSection(ExtensibilityGlobals) = postSolution
		SolutionGuid = {771B8FA3-9D16-4F2B-BC2C-092F1C0F13C3}
	EndGlobalSection
EndGlobal
